<?xml version="1.0" encoding="utf-8"?>
<Project ToolsVersion="4.0" xmlns="http://schemas.microsoft.com/developer/msbuild/2003">
  <ItemGroup>
    <Filter Include="소스 파일">
      <UniqueIdentifier>{4FC737F1-C7A5-4376-A066-2A32D752A2FF}</UniqueIdentifier>
      <Extensions>cpp;c;cc;cxx;c++;cppm;ixx;def;odl;idl;hpj;bat;asm;asmx</Extensions>
    </Filter>
    <Filter Include="헤더 파일">
      <UniqueIdentifier>{93995380-89BD-4b04-88EB-625FBE52EBFB}</UniqueIdentifier>
      <Extensions>h;hh;hpp;hxx;h++;hm;inl;inc;ipp;xsd</Extensions>
    </Filter>
    <Filter Include="리소스 파일">
      <UniqueIdentifier>{67DA6AB6-F800-4c08-8B7A-83BB121AAD01}</UniqueIdentifier>
      <Extensions>rc;ico;cur;bmp;dlg;rc2;rct;bin;rgs;gif;jpg;jpeg;jpe;resx;tiff;tif;png;wav;mfcribbon-ms</Extensions>
    </Filter>
  </ItemGroup>
  <ItemGroup>
    <ClCompile Include="src\main\Main.cpp">
      <Filter>소스 파일</Filter>
    </ClCompile>
    <ClCompile Include="src\main\ServiceRegistration.cpp">
      <Filter>소스 파일</Filter>
    </ClCompile>
    <ClCompile Include="src\adapters\imaging\DismAdapter.cpp">
      <Filter>소스 파일</Filter>
    </ClCompile>
    <ClCompile Include="src\adapters\imaging\WimlibAdapter.cpp">
      <Filter>소스 파일</Filter>
    </ClCompile>
    <ClCompile Include="src\adapters\imaging\WimlibOptimizer.cpp">
      <Filter>소스 파일</Filter>
    </ClCompile>
    <ClCompile Include="src\adapters\persistence\config\IniConfigRepository.cpp">
      <Filter>소스 파일</Filter>
    </ClCompile>
    <ClCompile Include="src\adapters\persistence\config\IniParser.cpp">
      <Filter>소스 파일</Filter>
    </ClCompile>
    <ClCompile Include="src\adapters\persistence\filesystem\Win32FileSystem.cpp">
      <Filter>소스 파일</Filter>
    </ClCompile>
    <ClCompile Include="src\adapters\platform\win32\core\Win32ErrorHandler.cpp">
      <Filter>소스 파일</Filter>
    </ClCompile>
    <ClCompile Include="src\adapters\platform\win32\core\Win32TypeMapper.cpp">
      <Filter>소스 파일</Filter>
    </ClCompile>
    <ClCompile Include="src\adapters\platform\win32\logging\Win32Logger.cpp">
      <Filter>소스 파일</Filter>
    </ClCompile>
    <ClCompile Include="src\adapters\platform\win32\storage\AsyncIOCTL.cpp">
      <Filter>소스 파일</Filter>
    </ClCompile>
    <ClCompile Include="src\adapters\platform\win32\storage\DiskLayoutBuilder.cpp">
      <Filter>소스 파일</Filter>
    </ClCompile>
    <ClCompile Include="src\adapters\platform\win32\storage\DiskTransaction.cpp">
      <Filter>소스 파일</Filter>
    </ClCompile>
    <ClCompile Include="src\adapters\platform\win32\storage\IOCTLWrapper.cpp">
      <Filter>소스 파일</Filter>
    </ClCompile>
    <ClCompile Include="src\adapters\platform\win32\storage\MFTScanner.cpp">
      <Filter>소스 파일</Filter>
    </ClCompile>
    <ClCompile Include="src\adapters\platform\win32\storage\Win32DiskService.cpp">
      <Filter>소스 파일</Filter>
    </ClCompile>
    <ClCompile Include="src\adapters\platform\win32\storage\Win32VolumeService.cpp">
      <Filter>소스 파일</Filter>
    </ClCompile>
    <ClCompile Include="src\adapters\platform\win32\system\SMBIOSParser.cpp">
      <Filter>소스 파일</Filter>
    </ClCompile>
    <ClCompile Include="src\adapters\platform\win32\system\Win32SystemInfoService.cpp">
      <Filter>소스 파일</Filter>
    </ClCompile>
    <ClCompile Include="src\adapters\platform\win32\threading\Win32Thread.cpp">
      <Filter>소스 파일</Filter>
    </ClCompile>
    <ClCompile Include="src\adapters\platform\win32\threading\Win32ThreadPool.cpp">
      <Filter>소스 파일</Filter>
    </ClCompile>
    <ClCompile Include="src\adapters\ui\win32\Win32MainWindow.cpp">
      <Filter>소스 파일</Filter>
    </ClCompile>
    <ClCompile Include="src\adapters\ui\win32\Win32ProgressBar.cpp">
      <Filter>소스 파일</Filter>
    </ClCompile>
    <ClCompile Include="src\application\async\CancellationToken.cpp">
      <Filter>소스 파일</Filter>
    </ClCompile>
    <ClCompile Include="src\application\async\Task.cpp">
      <Filter>소스 파일</Filter>
    </ClCompile>
    <ClCompile Include="src\application\core\DIContainer.cpp">
      <Filter>소스 파일</Filter>
    </ClCompile>
    <ClCompile Include="src\application\core\ServiceLocator.cpp">
      <Filter>소스 파일</Filter>
    </ClCompile>
    <ClCompile Include="src\application\eventhandlers\DiskAnalyzedEventHandler.cpp">
      <Filter>소스 파일</Filter>
    </ClCompile>
    <ClCompile Include="src\application\eventhandlers\InstallProgressEventHandler.cpp">
      <Filter>소스 파일</Filter>
    </ClCompile>
    <ClCompile Include="src\application\services\Dispatcher.cpp">
      <Filter>소스 파일</Filter>
    </ClCompile>
    <ClCompile Include="src\application\services\EventBus.cpp">
      <Filter>소스 파일</Filter>
    </ClCompile>
    <ClCompile Include="src\application\services\TaskScheduler.cpp">
      <Filter>소스 파일</Filter>
    </ClCompile>
    <ClCompile Include="src\application\usecases\disk\AnalyzeDisksUseCase.cpp">
      <Filter>소스 파일</Filter>
    </ClCompile>
    <ClCompile Include="src\application\usecases\disk\EnumerateDisksUseCase.cpp">
      <Filter>소스 파일</Filter>
    </ClCompile>
    <ClCompile Include="src\application\usecases\disk\SelectTargetDisksUseCase.cpp">
      <Filter>소스 파일</Filter>
    </ClCompile>
    <ClCompile Include="src\application\usecases\install\ApplyImageUseCase.cpp">
      <Filter>소스 파일</Filter>
    </ClCompile>
    <ClCompile Include="src\application\usecases\install\BackupUserDataUseCase.cpp">
      <Filter>소스 파일</Filter>
    </ClCompile>
    <ClCompile Include="src\application\usecases\install\InjectDriversUseCase.cpp">
      <Filter>소스 파일</Filter>
    </ClCompile>
    <ClCompile Include="src\application\usecases\install\InstallWindowsUseCase.cpp">
      <Filter>소스 파일</Filter>
    </ClCompile>
    <ClCompile Include="src\application\usecases\install\RestoreUserDataUseCase.cpp">
      <Filter>소스 파일</Filter>
    </ClCompile>
    <ClCompile Include="src\application\usecases\system\AnalyzeSystemUseCase.cpp">
      <Filter>소스 파일</Filter>
    </ClCompile>
    <ClCompile Include="src\application\usecases\system\LoadConfigurationUseCase.cpp">
      <Filter>소스 파일</Filter>
    </ClCompile>
    <ClCompile Include="src\domain\entities\DiskInfo.cpp">
      <Filter>소스 파일</Filter>
    </ClCompile>
    <ClCompile Include="src\domain\entities\PartitionInfo.cpp">
      <Filter>소스 파일</Filter>
    </ClCompile>
    <ClCompile Include="src\domain\entities\SetupConfig.cpp">
      <Filter>소스 파일</Filter>
    </ClCompile>
    <ClCompile Include="src\domain\entities\SystemInfo.cpp">
      <Filter>소스 파일</Filter>
    </ClCompile>
    <ClCompile Include="src\domain\entities\VolumeInfo.cpp">
      <Filter>소스 파일</Filter>
    </ClCompile>
    <ClCompile Include="src\domain\events\DomainEvent.cpp">
      <Filter>소스 파일</Filter>
    </ClCompile>
    <ClCompile Include="src\domain\memory\PoolAllocator.cpp">
      <Filter>소스 파일</Filter>
    </ClCompile>
    <ClCompile Include="src\domain\memory\UniqueHandle.cpp">
      <Filter>소스 파일</Filter>
    </ClCompile>
    <ClCompile Include="src\domain\primitives\Error.cpp">
      <Filter>소스 파일</Filter>
    </ClCompile>
    <ClCompile Include="src\domain\primitives\Expected.cpp">
      <Filter>소스 파일</Filter>
    </ClCompile>
    <ClCompile Include="src\domain\services\DiskSortingService.cpp">
      <Filter>소스 파일</Filter>
    </ClCompile>
    <ClCompile Include="src\domain\services\PartitionAnalyzer.cpp">
      <Filter>소스 파일</Filter>
    </ClCompile>
    <ClCompile Include="src\domain\services\PathNormalizer.cpp">
      <Filter>소스 파일</Filter>
    </ClCompile>
    <ClCompile Include="src\domain\specifications\DiskSpecifications.cpp">
      <Filter>소스 파일</Filter>
    </ClCompile>
    <ClCompile Include="src\domain\specifications\VolumeSpecifications.cpp">
      <Filter>소스 파일</Filter>
    </ClCompile>
    <ClCompile Include="src\domain\valueobjects\DiskSize.cpp">
      <Filter>소스 파일</Filter>
    </ClCompile>
    <ClCompile Include="src\domain\valueobjects\DriveLetter.cpp">
      <Filter>소스 파일</Filter>
    </ClCompile>
    <ClCompile Include="src\adapters\ui\win32\controls\ToggleButton.cpp">
      <Filter>소스 파일</Filter>
    </ClCompile>
    <ClCompile Include="src\adapters\ui\win32\controls\SimpleButton.cpp">
      <Filter>소스 파일</Filter>
    </ClCompile>
  </ItemGroup>
  <ItemGroup>
    <ClInclude Include="src\main\ServiceRegistration.h">
      <Filter>헤더 파일</Filter>
    </ClInclude>
    <ClInclude Include="src\resources\resource.h">
      <Filter>헤더 파일</Filter>
    </ClInclude>
    <ClInclude Include="src\abstractions\infrastructure\async\IAsyncContext.h">
      <Filter>헤더 파일</Filter>
    </ClInclude>
    <ClInclude Include="src\abstractions\infrastructure\async\IExecutor.h">
      <Filter>헤더 파일</Filter>
    </ClInclude>
    <ClInclude Include="src\abstractions\infrastructure\async\IScheduler.h">
      <Filter>헤더 파일</Filter>
    </ClInclude>
    <ClInclude Include="src\abstractions\infrastructure\logging\ILogger.h">
      <Filter>헤더 파일</Filter>
    </ClInclude>
    <ClInclude Include="src\abstractions\infrastructure\logging\LogLevel.h">
      <Filter>헤더 파일</Filter>
    </ClInclude>
    <ClInclude Include="src\abstractions\infrastructure\messaging\IDispatcher.h">
      <Filter>헤더 파일</Filter>
    </ClInclude>
    <ClInclude Include="src\abstractions\infrastructure\messaging\IEvent.h">
      <Filter>헤더 파일</Filter>
    </ClInclude>
    <ClInclude Include="src\abstractions\infrastructure\messaging\IEventBus.h">
      <Filter>헤더 파일</Filter>
    </ClInclude>
    <ClInclude Include="src\abstractions\infrastructure\messaging\IMessageQueue.h">
      <Filter>헤더 파일</Filter>
    </ClInclude>
    <ClInclude Include="src\abstractions\infrastructure\transaction\ITransaction.h">
      <Filter>헤더 파일</Filter>
    </ClInclude>
    <ClInclude Include="src\abstractions\infrastructure\transaction\ITransactionManager.h">
      <Filter>헤더 파일</Filter>
    </ClInclude>
    <ClInclude Include="src\adapters\imaging\DismAdapter.h">
      <Filter>헤더 파일</Filter>
    </ClInclude>
    <ClInclude Include="src\adapters\imaging\WimlibAdapter.h">
      <Filter>헤더 파일</Filter>
    </ClInclude>
    <ClInclude Include="src\adapters\imaging\WimlibOptimizer.h">
      <Filter>헤더 파일</Filter>
    </ClInclude>
    <ClInclude Include="src\adapters\persistence\config\IniConfigRepository.h">
      <Filter>헤더 파일</Filter>
    </ClInclude>
    <ClInclude Include="src\adapters\persistence\config\IniParser.h">
      <Filter>헤더 파일</Filter>
    </ClInclude>
    <ClInclude Include="src\adapters\persistence\filesystem\Win32FileSystem.h">
      <Filter>헤더 파일</Filter>
    </ClInclude>
    <ClInclude Include="src\adapters\platform\win32\core\Win32Constants.h">
      <Filter>헤더 파일</Filter>
    </ClInclude>
    <ClInclude Include="src\adapters\platform\win32\core\Win32ErrorHandler.h">
      <Filter>헤더 파일</Filter>
    </ClInclude>
    <ClInclude Include="src\adapters\platform\win32\core\Win32TypeMapper.h">
      <Filter>헤더 파일</Filter>
    </ClInclude>
    <ClInclude Include="src\adapters\platform\win32\logging\Win32Logger.h">
      <Filter>헤더 파일</Filter>
    </ClInclude>
    <ClInclude Include="src\adapters\platform\win32\storage\AsyncIOCTL.h">
      <Filter>헤더 파일</Filter>
    </ClInclude>
    <ClInclude Include="src\adapters\platform\win32\storage\DiskLayoutBuilder.h">
      <Filter>헤더 파일</Filter>
    </ClInclude>
    <ClInclude Include="src\adapters\platform\win32\storage\DiskTransaction.h">
      <Filter>헤더 파일</Filter>
    </ClInclude>
    <ClInclude Include="src\adapters\platform\win32\storage\IOCTLWrapper.h">
      <Filter>헤더 파일</Filter>
    </ClInclude>
    <ClInclude Include="src\adapters\platform\win32\storage\MFTScanner.h">
      <Filter>헤더 파일</Filter>
    </ClInclude>
    <ClInclude Include="src\adapters\platform\win32\storage\Win32DiskService.h">
      <Filter>헤더 파일</Filter>
    </ClInclude>
    <ClInclude Include="src\adapters\platform\win32\storage\Win32VolumeService.h">
      <Filter>헤더 파일</Filter>
    </ClInclude>
    <ClInclude Include="src\adapters\platform\win32\system\FirmwareTableReader.h">
      <Filter>헤더 파일</Filter>
    </ClInclude>
    <ClInclude Include="src\adapters\platform\win32\system\SMBIOSParser.h">
      <Filter>헤더 파일</Filter>
    </ClInclude>
    <ClInclude Include="src\adapters\platform\win32\system\SMBIOSStructures.h">
      <Filter>헤더 파일</Filter>
    </ClInclude>
    <ClInclude Include="src\adapters\platform\win32\system\Win32SystemInfoService.h">
      <Filter>헤더 파일</Filter>
    </ClInclude>
    <ClInclude Include="src\adapters\platform\win32\threading\Win32Thread.h">
      <Filter>헤더 파일</Filter>
    </ClInclude>
    <ClInclude Include="src\adapters\platform\win32\threading\Win32ThreadPool.h">
      <Filter>헤더 파일</Filter>
    </ClInclude>
    <ClInclude Include="src\adapters\ui\win32\Win32MainWindow.h">
      <Filter>헤더 파일</Filter>
    </ClInclude>
    <ClInclude Include="src\adapters\ui\win32\Win32ProgressBar.h">
      <Filter>헤더 파일</Filter>
    </ClInclude>
    <ClInclude Include="src\application\async\Awaitable.h">
      <Filter>헤더 파일</Filter>
    </ClInclude>
    <ClInclude Include="src\application\async\CancellationToken.h">
      <Filter>헤더 파일</Filter>
    </ClInclude>
    <ClInclude Include="src\application\async\Promise.h">
      <Filter>헤더 파일</Filter>
    </ClInclude>
    <ClInclude Include="src\application\async\Task.h">
      <Filter>헤더 파일</Filter>
    </ClInclude>
    <ClInclude Include="src\application\core\DIContainer.h">
      <Filter>헤더 파일</Filter>
    </ClInclude>
    <ClInclude Include="src\application\core\ServiceLocator.h">
      <Filter>헤더 파일</Filter>
    </ClInclude>
    <ClInclude Include="src\application\dto\DiskAnalysisResult.h">
      <Filter>헤더 파일</Filter>
    </ClInclude>
    <ClInclude Include="src\application\dto\InstallationProgress.h">
      <Filter>헤더 파일</Filter>
    </ClInclude>
    <ClInclude Include="src\application\dto\SystemAnalysisResult.h">
      <Filter>헤더 파일</Filter>
    </ClInclude>
    <ClInclude Include="src\application\eventhandlers\DiskAnalyzedEventHandler.h">
      <Filter>헤더 파일</Filter>
    </ClInclude>
    <ClInclude Include="src\application\eventhandlers\InstallProgressEventHandler.h">
      <Filter>헤더 파일</Filter>
    </ClInclude>
    <ClInclude Include="src\application\services\Dispatcher.h">
      <Filter>헤더 파일</Filter>
    </ClInclude>
    <ClInclude Include="src\application\services\EventBus.h">
      <Filter>헤더 파일</Filter>
    </ClInclude>
    <ClInclude Include="src\application\services\TaskScheduler.h">
      <Filter>헤더 파일</Filter>
    </ClInclude>
    <ClInclude Include="src\application\usecases\disk\AnalyzeDisksUseCase.h">
      <Filter>헤더 파일</Filter>
    </ClInclude>
    <ClInclude Include="src\application\usecases\disk\EnumerateDisksUseCase.h">
      <Filter>헤더 파일</Filter>
    </ClInclude>
    <ClInclude Include="src\application\usecases\disk\SelectTargetDisksUseCase.h">
      <Filter>헤더 파일</Filter>
    </ClInclude>
    <ClInclude Include="src\application\usecases\install\ApplyImageUseCase.h">
      <Filter>헤더 파일</Filter>
    </ClInclude>
    <ClInclude Include="src\application\usecases\install\BackupUserDataUseCase.h">
      <Filter>헤더 파일</Filter>
    </ClInclude>
    <ClInclude Include="src\application\usecases\install\InjectDriversUseCase.h">
      <Filter>헤더 파일</Filter>
    </ClInclude>
    <ClInclude Include="src\application\usecases\install\InstallWindowsUseCase.h">
      <Filter>헤더 파일</Filter>
    </ClInclude>
    <ClInclude Include="src\application\usecases\install\RestoreUserDataUseCase.h">
      <Filter>헤더 파일</Filter>
    </ClInclude>
    <ClInclude Include="src\application\usecases\system\AnalyzeSystemUseCase.h">
      <Filter>헤더 파일</Filter>
    </ClInclude>
    <ClInclude Include="src\application\usecases\system\LoadConfigurationUseCase.h">
      <Filter>헤더 파일</Filter>
    </ClInclude>
    <ClInclude Include="src\domain\entities\DiskInfo.h">
      <Filter>헤더 파일</Filter>
    </ClInclude>
    <ClInclude Include="src\domain\entities\PartitionInfo.h">
      <Filter>헤더 파일</Filter>
    </ClInclude>
    <ClInclude Include="src\domain\entities\SetupConfig.h">
      <Filter>헤더 파일</Filter>
    </ClInclude>
    <ClInclude Include="src\domain\entities\SystemInfo.h">
      <Filter>헤더 파일</Filter>
    </ClInclude>
    <ClInclude Include="src\domain\entities\VolumeInfo.h">
      <Filter>헤더 파일</Filter>
    </ClInclude>
    <ClInclude Include="src\domain\events\DiskAnalyzedEvent.h">
      <Filter>헤더 파일</Filter>
    </ClInclude>
    <ClInclude Include="src\domain\events\DomainEvent.h">
      <Filter>헤더 파일</Filter>
    </ClInclude>
    <ClInclude Include="src\domain\events\ErrorOccurredEvent.h">
      <Filter>헤더 파일</Filter>
    </ClInclude>
    <ClInclude Include="src\domain\events\InstallCompletedEvent.h">
      <Filter>헤더 파일</Filter>
    </ClInclude>
    <ClInclude Include="src\domain\events\InstallProgressEvent.h">
      <Filter>헤더 파일</Filter>
    </ClInclude>
    <ClInclude Include="src\domain\events\InstallStartedEvent.h">
      <Filter>헤더 파일</Filter>
    </ClInclude>
    <ClInclude Include="src\domain\functional\Compose.h">
      <Filter>헤더 파일</Filter>
    </ClInclude>
    <ClInclude Include="src\domain\functional\Monads.h">
      <Filter>헤더 파일</Filter>
    </ClInclude>
    <ClInclude Include="src\domain\functional\Optional.h">
      <Filter>헤더 파일</Filter>
    </ClInclude>
    <ClInclude Include="src\domain\functional\Pipeline.h">
      <Filter>헤더 파일</Filter>
    </ClInclude>
    <ClInclude Include="src\domain\memory\PoolAllocator.h">
      <Filter>헤더 파일</Filter>
    </ClInclude>
    <ClInclude Include="src\domain\memory\UniqueFindHandle.h">
      <Filter>헤더 파일</Filter>
    </ClInclude>
    <ClInclude Include="src\domain\memory\UniqueHandle.h">
      <Filter>헤더 파일</Filter>
    </ClInclude>
    <ClInclude Include="src\domain\memory\UniqueLibrary.h">
      <Filter>헤더 파일</Filter>
    </ClInclude>
    <ClInclude Include="src\domain\primitives\Error.h">
      <Filter>헤더 파일</Filter>
    </ClInclude>
    <ClInclude Include="src\domain\primitives\Expected.h">
      <Filter>헤더 파일</Filter>
    </ClInclude>
    <ClInclude Include="src\domain\primitives\Result.h">
      <Filter>헤더 파일</Filter>
    </ClInclude>
    <ClInclude Include="src\domain\services\DiskSortingService.h">
      <Filter>헤더 파일</Filter>
    </ClInclude>
    <ClInclude Include="src\domain\services\PartitionAnalyzer.h">
      <Filter>헤더 파일</Filter>
    </ClInclude>
    <ClInclude Include="src\domain\services\PathNormalizer.h">
      <Filter>헤더 파일</Filter>
    </ClInclude>
    <ClInclude Include="src\domain\specifications\DiskSpecifications.h">
      <Filter>헤더 파일</Filter>
    </ClInclude>
    <ClInclude Include="src\domain\specifications\ISpecification.h">
      <Filter>헤더 파일</Filter>
    </ClInclude>
    <ClInclude Include="src\domain\specifications\VolumeSpecifications.h">
      <Filter>헤더 파일</Filter>
    </ClInclude>
    <ClInclude Include="src\domain\valueobjects\BusType.h">
      <Filter>헤더 파일</Filter>
    </ClInclude>
    <ClInclude Include="src\domain\valueobjects\DiskSize.h">
      <Filter>헤더 파일</Filter>
    </ClInclude>
    <ClInclude Include="src\domain\valueobjects\DriveLetter.h">
      <Filter>헤더 파일</Filter>
    </ClInclude>
    <ClInclude Include="src\domain\valueobjects\FileSystemType.h">
      <Filter>헤더 파일</Filter>
    </ClInclude>
    <ClInclude Include="src\domain\valueobjects\PartitionType.h">
      <Filter>헤더 파일</Filter>
    </ClInclude>
    <ClInclude Include="src\adapters\ui\win32\controls\ToggleButton.h">
      <Filter>헤더 파일</Filter>
    </ClInclude>
    <ClInclude Include="src\adapters\ui\win32\controls\SimpleButton.h">
      <Filter>헤더 파일</Filter>
    </ClInclude>
  </ItemGroup>
</Project>