<?xml version="1.0" encoding="utf-8"?>
<Project ToolsVersion="4.0" xmlns="http://schemas.microsoft.com/developer/msbuild/2003">
  <ItemGroup>
    <Filter Include="소스 파일">
      <UniqueIdentifier>{4FC737F1-C7A5-4376-A066-2A32D752A2FF}</UniqueIdentifier>
      <Extensions>cpp;c;cc;cxx;c++;cppm;ixx;def;odl;idl;hpj;bat;asm;asmx</Extensions>
    </Filter>
    <Filter Include="헤더 파일">
      <UniqueIdentifier>{93995380-89BD-4b04-88EB-625FBE52EBFB}</UniqueIdentifier>
      <Extensions>h;hh;hpp;hxx;h++;hm;inl;inc;ipp;xsd</Extensions>
    </Filter>
    <Filter Include="리소스 파일">
      <UniqueIdentifier>{67DA6AB6-F800-4c08-8B7A-83BB121AAD01}</UniqueIdentifier>
      <Extensions>rc;ico;cur;bmp;dlg;rc2;rct;bin;rgs;gif;jpg;jpeg;jpe;resx;tiff;tif;png;wav;mfcribbon-ms</Extensions>
    </Filter>
  </ItemGroup>
  <ItemGroup>
    <None Include="docs\api\abstractions.md" />
    <None Include="docs\api\application.md" />
    <None Include="docs\api\domain.md" />
    <None Include="docs\architecture\dependencies.md" />
    <None Include="docs\architecture\layers.md" />
    <None Include="docs\architecture\patterns.md" />
    <None Include="docs\guides\contributing.md" />
    <None Include="docs\guides\migration.md" />
    <None Include="docs\guides\testing.md" />
    <None Include="scripts\build.bat">
      <Filter>소스 파일</Filter>
    </None>
    <None Include="scripts\clean.bat">
      <Filter>소스 파일</Filter>
    </None>
    <None Include="scripts\test.bat">
      <Filter>소스 파일</Filter>
    </None>
  </ItemGroup>
  <ItemGroup>
    <ClInclude Include="src\abstractions\async\IAsyncContext.h">
      <Filter>헤더 파일</Filter>
    </ClInclude>
    <ClInclude Include="src\abstractions\async\IAwaitable.h">
      <Filter>헤더 파일</Filter>
    </ClInclude>
    <ClInclude Include="src\abstractions\async\IExecutor.h">
      <Filter>헤더 파일</Filter>
    </ClInclude>
    <ClInclude Include="src\abstractions\async\IScheduler.h">
      <Filter>헤더 파일</Filter>
    </ClInclude>
    <ClInclude Include="src\abstractions\io\IFileSystem.h">
      <Filter>헤더 파일</Filter>
    </ClInclude>
    <ClInclude Include="src\abstractions\io\IPath.h">
      <Filter>헤더 파일</Filter>
    </ClInclude>
    <ClInclude Include="src\abstractions\io\IStreamReader.h">
      <Filter>헤더 파일</Filter>
    </ClInclude>
    <ClInclude Include="src\abstractions\io\IStreamWriter.h">
      <Filter>헤더 파일</Filter>
    </ClInclude>
    <ClInclude Include="src\abstractions\messaging\IDispatcher.h">
      <Filter>헤더 파일</Filter>
    </ClInclude>
    <ClInclude Include="src\abstractions\messaging\IEventBus.h">
      <Filter>헤더 파일</Filter>
    </ClInclude>
    <ClInclude Include="src\abstractions\messaging\IMessageQueue.h">
      <Filter>헤더 파일</Filter>
    </ClInclude>
    <ClInclude Include="src\abstractions\platform\IPlatformHandle.h">
      <Filter>헤더 파일</Filter>
    </ClInclude>
    <ClInclude Include="src\abstractions\platform\ITextEncoder.h">
      <Filter>헤더 파일</Filter>
    </ClInclude>
    <ClInclude Include="src\abstractions\platform\IThreadPool.h">
      <Filter>헤더 파일</Filter>
    </ClInclude>
    <ClInclude Include="src\abstractions\platform\IWindowHandle.h">
      <Filter>헤더 파일</Filter>
    </ClInclude>
    <ClInclude Include="src\abstractions\reactive\IObservable.h">
      <Filter>헤더 파일</Filter>
    </ClInclude>
    <ClInclude Include="src\abstractions\reactive\IProperty.h">
      <Filter>헤더 파일</Filter>
    </ClInclude>
    <ClInclude Include="src\adapters\platform\windows\encoding\Win32TextEncoder.h">
      <Filter>헤더 파일</Filter>
    </ClInclude>
    <ClInclude Include="src\adapters\platform\windows\filesystem\Win32File.h">
      <Filter>헤더 파일</Filter>
    </ClInclude>
    <ClInclude Include="src\adapters\platform\windows\filesystem\Win32FileSystem.h">
      <Filter>헤더 파일</Filter>
    </ClInclude>
    <ClInclude Include="src\adapters\platform\windows\threading\Win32Thread.h">
      <Filter>헤더 파일</Filter>
    </ClInclude>
    <ClInclude Include="src\adapters\platform\windows\threading\Win32ThreadPool.h">
      <Filter>헤더 파일</Filter>
    </ClInclude>
    <ClInclude Include="src\adapters\platform\windows\window\Win32Handle.h">
      <Filter>헤더 파일</Filter>
    </ClInclude>
    <ClInclude Include="src\adapters\platform\windows\window\Win32WindowHandle.h">
      <Filter>헤더 파일</Filter>
    </ClInclude>
    <ClInclude Include="src\adapters\platform\windows\Win32Factory.h">
      <Filter>헤더 파일</Filter>
    </ClInclude>
    <ClInclude Include="src\domain\functional\Compose.h">
      <Filter>헤더 파일</Filter>
    </ClInclude>
    <ClInclude Include="src\domain\functional\Monads.h">
      <Filter>헤더 파일</Filter>
    </ClInclude>
    <ClInclude Include="src\domain\functional\Optional.h">
      <Filter>헤더 파일</Filter>
    </ClInclude>
    <ClInclude Include="src\domain\functional\Pipeline.h">
      <Filter>헤더 파일</Filter>
    </ClInclude>
    <ClInclude Include="src\domain\memory\PoolAllocator.h">
      <Filter>헤더 파일</Filter>
    </ClInclude>
    <ClInclude Include="src\domain\memory\SharedResource.h">
      <Filter>헤더 파일</Filter>
    </ClInclude>
    <ClInclude Include="src\domain\memory\SmartPtr.h">
      <Filter>헤더 파일</Filter>
    </ClInclude>
    <ClInclude Include="src\domain\memory\UniqueResource.h">
      <Filter>헤더 파일</Filter>
    </ClInclude>
    <ClInclude Include="src\domain\validation\PathValidator.h">
      <Filter>헤더 파일</Filter>
    </ClInclude>
    <ClInclude Include="src\domain\validation\ValidationResult.h">
      <Filter>헤더 파일</Filter>
    </ClInclude>
    <ClInclude Include="src\domain\validation\ValidationRules.h">
      <Filter>헤더 파일</Filter>
    </ClInclude>
    <ClInclude Include="src\domain\primitives\Error.h">
      <Filter>헤더 파일</Filter>
    </ClInclude>
    <ClInclude Include="src\domain\primitives\Expected.h">
      <Filter>헤더 파일</Filter>
    </ClInclude>
    <ClInclude Include="src\domain\primitives\Result.h">
      <Filter>헤더 파일</Filter>
    </ClInclude>
    <ClInclude Include="src\infrastructure\composition\DependencyContainer.h">
      <Filter>헤더 파일</Filter>
    </ClInclude>
    <ClInclude Include="src\infrastructure\composition\ServiceLocator.h">
      <Filter>헤더 파일</Filter>
    </ClInclude>
    <ClInclude Include="src\infrastructure\config\ConfigLoader.h">
      <Filter>헤더 파일</Filter>
    </ClInclude>
    <ClInclude Include="src\infrastructure\diagnostics\PerformanceMonitor.h">
      <Filter>헤더 파일</Filter>
    </ClInclude>
    <ClInclude Include="src\infrastructure\logging\WindowsLogger.h">
      <Filter>헤더 파일</Filter>
    </ClInclude>
    <ClInclude Include="src\application\async\AsyncContext.h">
      <Filter>헤더 파일</Filter>
    </ClInclude>
    <ClInclude Include="src\application\async\Awaitable.h">
      <Filter>헤더 파일</Filter>
    </ClInclude>
    <ClInclude Include="src\application\async\Promise.h">
      <Filter>헤더 파일</Filter>
    </ClInclude>
    <ClInclude Include="src\application\async\Task.h">
      <Filter>헤더 파일</Filter>
    </ClInclude>
    <ClInclude Include="src\application\async\TaskScheduler.h">
      <Filter>헤더 파일</Filter>
    </ClInclude>
    <ClInclude Include="src\application\events\ErrorEvent.h">
      <Filter>헤더 파일</Filter>
    </ClInclude>
    <ClInclude Include="src\application\events\InstallEvent.h">
      <Filter>헤더 파일</Filter>
    </ClInclude>
    <ClInclude Include="src\application\events\LogEvent.h">
      <Filter>헤더 파일</Filter>
    </ClInclude>
    <ClInclude Include="src\application\events\ProgressEvent.h">
      <Filter>헤더 파일</Filter>
    </ClInclude>
    <ClInclude Include="src\application\messaging\Dispatcher.h">
      <Filter>헤더 파일</Filter>
    </ClInclude>
    <ClInclude Include="src\application\messaging\EventBus.h">
      <Filter>헤더 파일</Filter>
    </ClInclude>
    <ClInclude Include="src\application\messaging\MessageQueue.h">
      <Filter>헤더 파일</Filter>
    </ClInclude>
    <ClInclude Include="src\application\reactive\Observable.h">
      <Filter>헤더 파일</Filter>
    </ClInclude>
    <ClInclude Include="src\application\reactive\Operators.h">
      <Filter>헤더 파일</Filter>
    </ClInclude>
    <ClInclude Include="src\application\reactive\Property.h">
      <Filter>헤더 파일</Filter>
    </ClInclude>
    <ClInclude Include="src\application\reactive\Subject.h">
      <Filter>헤더 파일</Filter>
    </ClInclude>
  </ItemGroup>
  <ItemGroup>
    <ClCompile Include="src\adapters\platform\windows\encoding\Win32TextEncoder.cpp">
      <Filter>소스 파일</Filter>
    </ClCompile>
    <ClCompile Include="src\adapters\platform\windows\filesystem\Win32File.cpp">
      <Filter>소스 파일</Filter>
    </ClCompile>
    <ClCompile Include="src\adapters\platform\windows\filesystem\Win32FileSystem.cpp">
      <Filter>소스 파일</Filter>
    </ClCompile>
    <ClCompile Include="src\adapters\platform\windows\threading\Win32Thread.cpp">
      <Filter>소스 파일</Filter>
    </ClCompile>
    <ClCompile Include="src\adapters\platform\windows\threading\Win32ThreadPool.cpp">
      <Filter>소스 파일</Filter>
    </ClCompile>
    <ClCompile Include="src\adapters\platform\windows\window\Win32Handle.cpp">
      <Filter>소스 파일</Filter>
    </ClCompile>
    <ClCompile Include="src\adapters\platform\windows\window\Win32WindowHandle.cpp">
      <Filter>소스 파일</Filter>
    </ClCompile>
    <ClCompile Include="src\domain\validation\PathValidator.cpp">
      <Filter>소스 파일</Filter>
    </ClCompile>
    <ClCompile Include="src\infrastructure\composition\DependencyContainer.cpp">
      <Filter>소스 파일</Filter>
    </ClCompile>
    <ClCompile Include="src\infrastructure\config\ConfigLoader.cpp">
      <Filter>소스 파일</Filter>
    </ClCompile>
    <ClCompile Include="src\infrastructure\diagnostics\PerformanceMonitor.cpp">
      <Filter>소스 파일</Filter>
    </ClCompile>
    <ClCompile Include="src\infrastructure\logging\WindowsLogger.cpp">
      <Filter>소스 파일</Filter>
    </ClCompile>
    <ClCompile Include="src\infrastructure\Main.cpp">
      <Filter>소스 파일</Filter>
    </ClCompile>
    <ClCompile Include="src\application\async\AsyncContext.cpp">
      <Filter>소스 파일</Filter>
    </ClCompile>
    <ClCompile Include="src\application\async\TaskScheduler.cpp">
      <Filter>소스 파일</Filter>
    </ClCompile>
    <ClCompile Include="src\application\messaging\Dispatcher.cpp">
      <Filter>소스 파일</Filter>
    </ClCompile>
    <ClCompile Include="src\application\messaging\EventBus.cpp">
      <Filter>소스 파일</Filter>
    </ClCompile>
  </ItemGroup>
</Project>